
Microsoft Visual Studio Solution File, Format Version 12.00
# Visual Studio 14
VisualStudioVersion = 14.0.24720.0
MinimumVisualStudioVersion = 10.0.40219.1
Project("{E24C65DC-7377-472B-9ABA-BC803B73C61A}") = "Chat Service", ".", "{BE0A206D-6941-41CB-AB2E-EE76DBB8D8D6}"
	ProjectSection(WebsiteProperties) = preProject
		TargetFrameworkMoniker = ".NETFramework,Version%3Dv4.0"
		Debug.AspNetCompiler.VirtualPath = "/localhost_55391"
		Debug.AspNetCompiler.PhysicalPath = "..\..\..\..\..\..\Development\ProgrammingInHTMLwithJavascriptAndCSS3\Chat Service\"
		Debug.AspNetCompiler.TargetPath = "PrecompiledWeb\localhost_55391\"
		Debug.AspNetCompiler.Updateable = "true"
		Debug.AspNetCompiler.ForceOverwrite = "true"
		Debug.AspNetCompiler.FixedNames = "false"
		Debug.AspNetCompiler.Debug = "True"
		Release.AspNetCompiler.VirtualPath = "/localhost_55391"
		Release.AspNetCompiler.PhysicalPath = "..\..\..\..\..\..\Development\ProgrammingInHTMLwithJavascriptAndCSS3\Chat Service\"
		Release.AspNetCompiler.TargetPath = "PrecompiledWeb\localhost_55391\"
		Release.AspNetCompiler.Updateable = "true"
		Release.AspNetCompiler.ForceOverwrite = "true"
		Release.AspNetCompiler.FixedNames = "false"
		Release.AspNetCompiler.Debug = "False"
		VWDPort = "55391"
	EndProjectSection
EndProject
Global
	GlobalSection(SolutionConfigurationPlatforms) = preSolution
		Debug|Any CPU = Debug|Any CPU
	EndGlobalSection
	GlobalSection(ProjectConfigurationPlatforms) = postSolution
		{BE0A206D-6941-41CB-AB2E-EE76DBB8D8D6}.Debug|Any CPU.ActiveCfg = Debug|Any CPU
		{BE0A206D-6941-41CB-AB2E-EE76DBB8D8D6}.Debug|Any CPU.Build.0 = Debug|Any CPU
	EndGlobalSection
	GlobalSection(SolutionProperties) = preSolution
		HideSolutionNode = FALSE
	EndGlobalSection
EndGlobal
